
Microsoft Visual Studio Solution File, Format Version 12.00
# Visual Studio 2013
VisualStudioVersion = 12.0.31101.0
MinimumVisualStudioVersion = 10.0.40219.1
Project("{FAE04EC0-301F-11D3-BF4B-00C04F79EFBC}") = "CatHealthTracker", "CatHealthTracker\CatHealthTracker.csproj", "{E2232A6D-4612-4E33-B099-C1635DA2954E}"
EndProject
Global
	GlobalSection(SolutionConfigurationPlatforms) = preSolution
		Debug|Any CPU = Debug|Any CPU
		Release|Any CPU = Release|Any CPU
	EndGlobalSection
	GlobalSection(ProjectConfigurationPlatforms) = postSolution
		{E2232A6D-4612-4E33-B099-C1635DA2954E}.Debug|Any CPU.ActiveCfg = Debug|Any CPU
		{E2232A6D-4612-4E33-B099-C1635DA2954E}.Debug|Any CPU.Build.0 = Debug|Any CPU
		{E2232A6D-4612-4E33-B099-C1635DA2954E}.Release|Any CPU.ActiveCfg = Release|Any CPU
		{E2232A6D-4612-4E33-B099-C1635DA2954E}.Release|Any CPU.Build.0 = Release|Any CPU
	EndGlobalSection
	GlobalSection(SolutionProperties) = preSolution
		HideSolutionNode = FALSE
	EndGlobalSection
EndGlobal
